
Microsoft Visual Studio Solution File, Format Version 12.00
# Visual Studio Version 17
VisualStudioVersion = 17.4.33213.308
MinimumVisualStudioVersion = 10.0.40219.1
Project("{FAE04EC0-301F-11D3-BF4B-00C04F79EFBC}") = "FerarimTournaments", "FerarimTournaments\FerarimTournaments.csproj", "{F3BEC766-71BC-4649-87EB-E9FCA4AE11FF}"
EndProject
Global
	GlobalSection(SolutionConfigurationPlatforms) = preSolution
		Debug|Any CPU = Debug|Any CPU
		Release|Any CPU = Release|Any CPU
	EndGlobalSection
	GlobalSection(ProjectConfigurationPlatforms) = postSolution
		{F3BEC766-71BC-4649-87EB-E9FCA4AE11FF}.Debug|Any CPU.ActiveCfg = Debug|Any CPU
		{F3BEC766-71BC-4649-87EB-E9FCA4AE11FF}.Debug|Any CPU.Build.0 = Debug|Any CPU
		{F3BEC766-71BC-4649-87EB-E9FCA4AE11FF}.Release|Any CPU.ActiveCfg = Release|Any CPU
		{F3BEC766-71BC-4649-87EB-E9FCA4AE11FF}.Release|Any CPU.Build.0 = Release|Any CPU
	EndGlobalSection
	GlobalSection(SolutionProperties) = preSolution
		HideSolutionNode = FALSE
	EndGlobalSection
	GlobalSection(ExtensibilityGlobals) = postSolution
		SolutionGuid = {E4421325-3148-49A7-B2EB-54006C45CB92}
	EndGlobalSection
EndGlobal
